
Microsoft Visual Studio Solution File, Format Version 12.00
Project("{FAE04EC0-301F-11D3-BF4B-00C04F79EFBC}") = "time-convert", "time-convert\time-convert.csproj", "{7A1956FE-DDFD-484F-8DD8-12B364138C9A}"
EndProject
Project("{FAE04EC0-301F-11D3-BF4B-00C04F79EFBC}") = "console-input", "console-input\console-input.csproj", "{2F09AF3C-6074-48F1-BF3F-3C3210EEA2CA}"
EndProject
Project("{FAE04EC0-301F-11D3-BF4B-00C04F79EFBC}") = "login-demo", "login-demo\login-demo.csproj", "{86D8436F-BB90-47DB-A6EA-7227841CBAC5}"
EndProject
Project("{FAE04EC0-301F-11D3-BF4B-00C04F79EFBC}") = "for-demo", "for-demo\for-demo.csproj", "{7B629291-DA02-43CF-A8A7-D1EB2D8778DF}"
EndProject
Project("{FAE04EC0-301F-11D3-BF4B-00C04F79EFBC}") = "basic-practise", "basic-practise\basic-practise.csproj", "{73644FF7-9DFB-48DE-B9F5-16EA1B41E294}"
EndProject
Project("{FAE04EC0-301F-11D3-BF4B-00C04F79EFBC}") = "class-demo", "class-demo\class-demo.csproj", "{B358ACD0-8849-4850-9206-D9E6542CB4C6}"
EndProject
Project("{FAE04EC0-301F-11D3-BF4B-00C04F79EFBC}") = "method-demo", "method-demo\method-demo.csproj", "{762DAC47-966A-4CAE-8840-61B58FB49F31}"
EndProject
Project("{FAE04EC0-301F-11D3-BF4B-00C04F79EFBC}") = "socket-thread", "socket-thread\socket-thread.csproj", "{A81952A3-0E7C-434E-9B22-A9BFE89633E8}"
EndProject
Project("{FAE04EC0-301F-11D3-BF4B-00C04F79EFBC}") = "wpf-basic", "wpf-basic\wpf-basic.csproj", "{FF2F53DE-34A0-45AE-BC37-4B23666C5D95}"
EndProject
Project("{FAE04EC0-301F-11D3-BF4B-00C04F79EFBC}") = "multi-thread", "multi-thread\multi-thread.csproj", "{84FD5563-BD9A-48CC-A26E-69C4BCC4D437}"
EndProject
Project("{FAE04EC0-301F-11D3-BF4B-00C04F79EFBC}") = "regex", "regex\regex.csproj", "{76DDE2E5-5E9F-4251-93A2-F0D4AC00BB17}"
EndProject
Project("{FAE04EC0-301F-11D3-BF4B-00C04F79EFBC}") = "collection-demo", "collection-demo\collection-demo.csproj", "{FA6F9157-8142-497C-896A-0414C01EA963}"
EndProject
Project("{FAE04EC0-301F-11D3-BF4B-00C04F79EFBC}") = "file-demo", "file-demo\file-demo.csproj", "{7AC18B1C-2E83-4390-9C3C-EAF96F223A94}"
EndProject
Project("{FAE04EC0-301F-11D3-BF4B-00C04F79EFBC}") = "event-demo", "event-demo\event-demo.csproj", "{A1FA3315-75FD-4592-BB12-218852F08534}"
EndProject
Global
	GlobalSection(SolutionConfigurationPlatforms) = preSolution
		Debug|Any CPU = Debug|Any CPU
		Release|Any CPU = Release|Any CPU
	EndGlobalSection
	GlobalSection(ProjectConfigurationPlatforms) = postSolution
		{7A1956FE-DDFD-484F-8DD8-12B364138C9A}.Debug|Any CPU.ActiveCfg = Debug|Any CPU
		{7A1956FE-DDFD-484F-8DD8-12B364138C9A}.Debug|Any CPU.Build.0 = Debug|Any CPU
		{7A1956FE-DDFD-484F-8DD8-12B364138C9A}.Release|Any CPU.ActiveCfg = Release|Any CPU
		{7A1956FE-DDFD-484F-8DD8-12B364138C9A}.Release|Any CPU.Build.0 = Release|Any CPU
		{2F09AF3C-6074-48F1-BF3F-3C3210EEA2CA}.Debug|Any CPU.ActiveCfg = Debug|Any CPU
		{2F09AF3C-6074-48F1-BF3F-3C3210EEA2CA}.Debug|Any CPU.Build.0 = Debug|Any CPU
		{2F09AF3C-6074-48F1-BF3F-3C3210EEA2CA}.Release|Any CPU.ActiveCfg = Release|Any CPU
		{2F09AF3C-6074-48F1-BF3F-3C3210EEA2CA}.Release|Any CPU.Build.0 = Release|Any CPU
		{86D8436F-BB90-47DB-A6EA-7227841CBAC5}.Debug|Any CPU.ActiveCfg = Debug|Any CPU
		{86D8436F-BB90-47DB-A6EA-7227841CBAC5}.Debug|Any CPU.Build.0 = Debug|Any CPU
		{86D8436F-BB90-47DB-A6EA-7227841CBAC5}.Release|Any CPU.ActiveCfg = Release|Any CPU
		{86D8436F-BB90-47DB-A6EA-7227841CBAC5}.Release|Any CPU.Build.0 = Release|Any CPU
		{7B629291-DA02-43CF-A8A7-D1EB2D8778DF}.Debug|Any CPU.ActiveCfg = Debug|Any CPU
		{7B629291-DA02-43CF-A8A7-D1EB2D8778DF}.Debug|Any CPU.Build.0 = Debug|Any CPU
		{7B629291-DA02-43CF-A8A7-D1EB2D8778DF}.Release|Any CPU.ActiveCfg = Release|Any CPU
		{7B629291-DA02-43CF-A8A7-D1EB2D8778DF}.Release|Any CPU.Build.0 = Release|Any CPU
		{73644FF7-9DFB-48DE-B9F5-16EA1B41E294}.Debug|Any CPU.ActiveCfg = Debug|Any CPU
		{73644FF7-9DFB-48DE-B9F5-16EA1B41E294}.Debug|Any CPU.Build.0 = Debug|Any CPU
		{73644FF7-9DFB-48DE-B9F5-16EA1B41E294}.Release|Any CPU.ActiveCfg = Release|Any CPU
		{73644FF7-9DFB-48DE-B9F5-16EA1B41E294}.Release|Any CPU.Build.0 = Release|Any CPU
		{B358ACD0-8849-4850-9206-D9E6542CB4C6}.Debug|Any CPU.ActiveCfg = Debug|Any CPU
		{B358ACD0-8849-4850-9206-D9E6542CB4C6}.Debug|Any CPU.Build.0 = Debug|Any CPU
		{B358ACD0-8849-4850-9206-D9E6542CB4C6}.Release|Any CPU.ActiveCfg = Release|Any CPU
		{B358ACD0-8849-4850-9206-D9E6542CB4C6}.Release|Any CPU.Build.0 = Release|Any CPU
		{762DAC47-966A-4CAE-8840-61B58FB49F31}.Debug|Any CPU.ActiveCfg = Debug|Any CPU
		{762DAC47-966A-4CAE-8840-61B58FB49F31}.Debug|Any CPU.Build.0 = Debug|Any CPU
		{762DAC47-966A-4CAE-8840-61B58FB49F31}.Release|Any CPU.ActiveCfg = Release|Any CPU
		{762DAC47-966A-4CAE-8840-61B58FB49F31}.Release|Any CPU.Build.0 = Release|Any CPU
		{A81952A3-0E7C-434E-9B22-A9BFE89633E8}.Debug|Any CPU.ActiveCfg = Debug|Any CPU
		{A81952A3-0E7C-434E-9B22-A9BFE89633E8}.Debug|Any CPU.Build.0 = Debug|Any CPU
		{A81952A3-0E7C-434E-9B22-A9BFE89633E8}.Release|Any CPU.ActiveCfg = Release|Any CPU
		{A81952A3-0E7C-434E-9B22-A9BFE89633E8}.Release|Any CPU.Build.0 = Release|Any CPU
		{FF2F53DE-34A0-45AE-BC37-4B23666C5D95}.Debug|Any CPU.ActiveCfg = Debug|Any CPU
		{FF2F53DE-34A0-45AE-BC37-4B23666C5D95}.Debug|Any CPU.Build.0 = Debug|Any CPU
		{FF2F53DE-34A0-45AE-BC37-4B23666C5D95}.Release|Any CPU.ActiveCfg = Release|Any CPU
		{FF2F53DE-34A0-45AE-BC37-4B23666C5D95}.Release|Any CPU.Build.0 = Release|Any CPU
		{84FD5563-BD9A-48CC-A26E-69C4BCC4D437}.Debug|Any CPU.ActiveCfg = Debug|Any CPU
		{84FD5563-BD9A-48CC-A26E-69C4BCC4D437}.Debug|Any CPU.Build.0 = Debug|Any CPU
		{84FD5563-BD9A-48CC-A26E-69C4BCC4D437}.Release|Any CPU.ActiveCfg = Release|Any CPU
		{84FD5563-BD9A-48CC-A26E-69C4BCC4D437}.Release|Any CPU.Build.0 = Release|Any CPU
		{76DDE2E5-5E9F-4251-93A2-F0D4AC00BB17}.Debug|Any CPU.ActiveCfg = Debug|Any CPU
		{76DDE2E5-5E9F-4251-93A2-F0D4AC00BB17}.Debug|Any CPU.Build.0 = Debug|Any CPU
		{76DDE2E5-5E9F-4251-93A2-F0D4AC00BB17}.Release|Any CPU.ActiveCfg = Release|Any CPU
		{76DDE2E5-5E9F-4251-93A2-F0D4AC00BB17}.Release|Any CPU.Build.0 = Release|Any CPU
		{FA6F9157-8142-497C-896A-0414C01EA963}.Debug|Any CPU.ActiveCfg = Debug|Any CPU
		{FA6F9157-8142-497C-896A-0414C01EA963}.Debug|Any CPU.Build.0 = Debug|Any CPU
		{FA6F9157-8142-497C-896A-0414C01EA963}.Release|Any CPU.ActiveCfg = Release|Any CPU
		{FA6F9157-8142-497C-896A-0414C01EA963}.Release|Any CPU.Build.0 = Release|Any CPU
		{7AC18B1C-2E83-4390-9C3C-EAF96F223A94}.Debug|Any CPU.ActiveCfg = Debug|Any CPU
		{7AC18B1C-2E83-4390-9C3C-EAF96F223A94}.Debug|Any CPU.Build.0 = Debug|Any CPU
		{7AC18B1C-2E83-4390-9C3C-EAF96F223A94}.Release|Any CPU.ActiveCfg = Release|Any CPU
		{7AC18B1C-2E83-4390-9C3C-EAF96F223A94}.Release|Any CPU.Build.0 = Release|Any CPU
		{A1FA3315-75FD-4592-BB12-218852F08534}.Debug|Any CPU.ActiveCfg = Debug|Any CPU
		{A1FA3315-75FD-4592-BB12-218852F08534}.Debug|Any CPU.Build.0 = Debug|Any CPU
		{A1FA3315-75FD-4592-BB12-218852F08534}.Release|Any CPU.ActiveCfg = Release|Any CPU
		{A1FA3315-75FD-4592-BB12-218852F08534}.Release|Any CPU.Build.0 = Release|Any CPU
	EndGlobalSection
EndGlobal
