
Microsoft Visual Studio Solution File, Format Version 12.00
Project("{FAE04EC0-301F-11D3-BF4B-00C04F79EFBC}") = "basic-practise", "basic-practise\basic-practise.csproj", "{73644FF7-9DFB-48DE-B9F5-16EA1B41E294}"
EndProject
Project("{2150E333-8FDC-42A3-9474-1A3956D46DE8}") = "basic", "basic", "{39B13796-F9B8-4527-B9FC-0BBBC9773060}"
EndProject
Project("{2150E333-8FDC-42A3-9474-1A3956D46DE8}") = "class", "class", "{EB65784F-15BD-4472-BE94-D8ACBA93C1FA}"
EndProject
Project("{FAE04EC0-301F-11D3-BF4B-00C04F79EFBC}") = "class-demo", "class-demo\class-demo.csproj", "{B358ACD0-8849-4850-9206-D9E6542CB4C6}"
EndProject
Global
	GlobalSection(SolutionConfigurationPlatforms) = preSolution
		Debug|Any CPU = Debug|Any CPU
		Release|Any CPU = Release|Any CPU
	EndGlobalSection
	GlobalSection(ProjectConfigurationPlatforms) = postSolution
		{73644FF7-9DFB-48DE-B9F5-16EA1B41E294}.Debug|Any CPU.ActiveCfg = Debug|Any CPU
		{73644FF7-9DFB-48DE-B9F5-16EA1B41E294}.Debug|Any CPU.Build.0 = Debug|Any CPU
		{73644FF7-9DFB-48DE-B9F5-16EA1B41E294}.Release|Any CPU.ActiveCfg = Release|Any CPU
		{73644FF7-9DFB-48DE-B9F5-16EA1B41E294}.Release|Any CPU.Build.0 = Release|Any CPU
		{B358ACD0-8849-4850-9206-D9E6542CB4C6}.Debug|Any CPU.ActiveCfg = Debug|Any CPU
		{B358ACD0-8849-4850-9206-D9E6542CB4C6}.Debug|Any CPU.Build.0 = Debug|Any CPU
		{B358ACD0-8849-4850-9206-D9E6542CB4C6}.Release|Any CPU.ActiveCfg = Release|Any CPU
		{B358ACD0-8849-4850-9206-D9E6542CB4C6}.Release|Any CPU.Build.0 = Release|Any CPU
	EndGlobalSection
	GlobalSection(NestedProjects) = preSolution
		{73644FF7-9DFB-48DE-B9F5-16EA1B41E294} = {39B13796-F9B8-4527-B9FC-0BBBC9773060}
		{B358ACD0-8849-4850-9206-D9E6542CB4C6} = {EB65784F-15BD-4472-BE94-D8ACBA93C1FA}
	EndGlobalSection
EndGlobal
